
Microsoft Visual Studio Solution File, Format Version 12.00
# Visual Studio Version 17
VisualStudioVersion = 17.14.36301.6 d17.14
MinimumVisualStudioVersion = 10.0.40219.1
Project("{FAE04EC0-301F-11D3-BF4B-00C04F79EFBC}") = "First", "First\First.csproj", "{08C24195-EF14-4951-B55B-49194E1000D2}"
EndProject
Global
	GlobalSection(SolutionConfigurationPlatforms) = preSolution
		Debug|Any CPU = Debug|Any CPU
		Release|Any CPU = Release|Any CPU
	EndGlobalSection
	GlobalSection(ProjectConfigurationPlatforms) = postSolution
		{08C24195-EF14-4951-B55B-49194E1000D2}.Debug|Any CPU.ActiveCfg = Debug|Any CPU
		{08C24195-EF14-4951-B55B-49194E1000D2}.Debug|Any CPU.Build.0 = Debug|Any CPU
		{08C24195-EF14-4951-B55B-49194E1000D2}.Release|Any CPU.ActiveCfg = Release|Any CPU
		{08C24195-EF14-4951-B55B-49194E1000D2}.Release|Any CPU.Build.0 = Release|Any CPU
	EndGlobalSection
	GlobalSection(SolutionProperties) = preSolution
		HideSolutionNode = FALSE
	EndGlobalSection
	GlobalSection(ExtensibilityGlobals) = postSolution
		SolutionGuid = {36ED19B2-C891-4161-99D0-6265378893A6}
	EndGlobalSection
EndGlobal
